<?xml version="1.0" encoding="utf-8"?>
<Project ToolsVersion="4.0" xmlns="http://schemas.microsoft.com/developer/msbuild/2003">
  <ItemGroup>
    <Filter Include="Sentient">
      <UniqueIdentifier>{CF26CB7C-BBF3-2588-E40C-1430D0385B16}</UniqueIdentifier>
    </Filter>
  </ItemGroup>
  <ItemGroup>
    <ClInclude Include="src\Sentient.h" />
    <ClInclude Include="src\Sentient\Application.h">
      <Filter>Sentient</Filter>
    </ClInclude>
    <ClInclude Include="src\Sentient\Core.h">
      <Filter>Sentient</Filter>
    </ClInclude>
    <ClInclude Include="src\Sentient\Entrypoint.h">
      <Filter>Sentient</Filter>
    </ClInclude>
    <ClInclude Include="src\Sentient\Log.h">
      <Filter>Sentient</Filter>
    </ClInclude>
  </ItemGroup>
  <ItemGroup>
    <ClCompile Include="src\Sentient\Application.cpp">
      <Filter>Sentient</Filter>
    </ClCompile>
    <ClCompile Include="src\Sentient\Log.cpp">
      <Filter>Sentient</Filter>
    </ClCompile>
  </ItemGroup>
</Project>